
Microsoft Visual Studio Solution File, Format Version 12.00
# Visual Studio Version 16
VisualStudioVersion = 16.0.29509.3
MinimumVisualStudioVersion = 10.0.40219.1
Project("{9A19103F-16F7-4668-BE54-9A1E7A4F7556}") = "EchoBlog.Api", "EchoBlog.Api\EchoBlog.Api.csproj", "{0A4E8159-790C-4109-89BD-30DB8DDB664F}"
EndProject
Project("{2150E333-8FDC-42A3-9474-1A3956D46DE8}") = "Application", "Application", "{2D76F3E1-11B8-46E3-8399-82BADB551339}"
EndProject
Project("{2150E333-8FDC-42A3-9474-1A3956D46DE8}") = "Domain", "Domain", "{028BB8A7-9A29-4CE8-83ED-34B981652AD5}"
EndProject
Project("{2150E333-8FDC-42A3-9474-1A3956D46DE8}") = "Infrastructure", "Infrastructure", "{C23193A6-2D22-4982-AEC0-C95C279CD9CE}"
EndProject
Project("{2150E333-8FDC-42A3-9474-1A3956D46DE8}") = "Shared", "Shared", "{55703728-5A6D-4BAE-AB93-8D6C01C13CE5}"
EndProject
Project("{9A19103F-16F7-4668-BE54-9A1E7A4F7556}") = "EchoBlog.Domains", "EchoBlog.Domain\EchoBlog.Domains.csproj", "{D7EF44C5-AE17-4600-9C3E-D34C28F04AE0}"
EndProject
Project("{9A19103F-16F7-4668-BE54-9A1E7A4F7556}") = "EchoBlog.Domain.Abstractions", "EchoBlog.Domain.Abstractions\EchoBlog.Domain.Abstractions.csproj", "{1B086332-EF41-4016-B3AD-7687F4BEAD4C}"
EndProject
Project("{9A19103F-16F7-4668-BE54-9A1E7A4F7556}") = "EchoBlog.Infrastructures.Core", "EchoBlog.Infrastructures.Core\EchoBlog.Infrastructures.Core.csproj", "{C12A15A0-4202-4D81-95BC-014D588D771C}"
EndProject
Project("{9A19103F-16F7-4668-BE54-9A1E7A4F7556}") = "EchoBlog.Core", "EchoBlog.Core\EchoBlog.Core.csproj", "{2444B8E1-54EC-4347-B8D7-1B0296E3E8CC}"
EndProject
Project("{9A19103F-16F7-4668-BE54-9A1E7A4F7556}") = "EchoBlog.Infrastructures", "EchoBlog.Infrastructures\EchoBlog.Infrastructures.csproj", "{7CC45958-C957-4754-8C7E-A7DAD203F79B}"
EndProject
Global
	GlobalSection(SolutionConfigurationPlatforms) = preSolution
		Debug|Any CPU = Debug|Any CPU
		Release|Any CPU = Release|Any CPU
	EndGlobalSection
	GlobalSection(ProjectConfigurationPlatforms) = postSolution
		{0A4E8159-790C-4109-89BD-30DB8DDB664F}.Debug|Any CPU.ActiveCfg = Debug|Any CPU
		{0A4E8159-790C-4109-89BD-30DB8DDB664F}.Debug|Any CPU.Build.0 = Debug|Any CPU
		{0A4E8159-790C-4109-89BD-30DB8DDB664F}.Release|Any CPU.ActiveCfg = Release|Any CPU
		{0A4E8159-790C-4109-89BD-30DB8DDB664F}.Release|Any CPU.Build.0 = Release|Any CPU
		{D7EF44C5-AE17-4600-9C3E-D34C28F04AE0}.Debug|Any CPU.ActiveCfg = Debug|Any CPU
		{D7EF44C5-AE17-4600-9C3E-D34C28F04AE0}.Debug|Any CPU.Build.0 = Debug|Any CPU
		{D7EF44C5-AE17-4600-9C3E-D34C28F04AE0}.Release|Any CPU.ActiveCfg = Release|Any CPU
		{D7EF44C5-AE17-4600-9C3E-D34C28F04AE0}.Release|Any CPU.Build.0 = Release|Any CPU
		{1B086332-EF41-4016-B3AD-7687F4BEAD4C}.Debug|Any CPU.ActiveCfg = Debug|Any CPU
		{1B086332-EF41-4016-B3AD-7687F4BEAD4C}.Debug|Any CPU.Build.0 = Debug|Any CPU
		{1B086332-EF41-4016-B3AD-7687F4BEAD4C}.Release|Any CPU.ActiveCfg = Release|Any CPU
		{1B086332-EF41-4016-B3AD-7687F4BEAD4C}.Release|Any CPU.Build.0 = Release|Any CPU
		{C12A15A0-4202-4D81-95BC-014D588D771C}.Debug|Any CPU.ActiveCfg = Debug|Any CPU
		{C12A15A0-4202-4D81-95BC-014D588D771C}.Debug|Any CPU.Build.0 = Debug|Any CPU
		{C12A15A0-4202-4D81-95BC-014D588D771C}.Release|Any CPU.ActiveCfg = Release|Any CPU
		{C12A15A0-4202-4D81-95BC-014D588D771C}.Release|Any CPU.Build.0 = Release|Any CPU
		{2444B8E1-54EC-4347-B8D7-1B0296E3E8CC}.Debug|Any CPU.ActiveCfg = Debug|Any CPU
		{2444B8E1-54EC-4347-B8D7-1B0296E3E8CC}.Debug|Any CPU.Build.0 = Debug|Any CPU
		{2444B8E1-54EC-4347-B8D7-1B0296E3E8CC}.Release|Any CPU.ActiveCfg = Release|Any CPU
		{2444B8E1-54EC-4347-B8D7-1B0296E3E8CC}.Release|Any CPU.Build.0 = Release|Any CPU
		{7CC45958-C957-4754-8C7E-A7DAD203F79B}.Debug|Any CPU.ActiveCfg = Debug|Any CPU
		{7CC45958-C957-4754-8C7E-A7DAD203F79B}.Debug|Any CPU.Build.0 = Debug|Any CPU
		{7CC45958-C957-4754-8C7E-A7DAD203F79B}.Release|Any CPU.ActiveCfg = Release|Any CPU
		{7CC45958-C957-4754-8C7E-A7DAD203F79B}.Release|Any CPU.Build.0 = Release|Any CPU
	EndGlobalSection
	GlobalSection(SolutionProperties) = preSolution
		HideSolutionNode = FALSE
	EndGlobalSection
	GlobalSection(NestedProjects) = preSolution
		{0A4E8159-790C-4109-89BD-30DB8DDB664F} = {2D76F3E1-11B8-46E3-8399-82BADB551339}
		{D7EF44C5-AE17-4600-9C3E-D34C28F04AE0} = {028BB8A7-9A29-4CE8-83ED-34B981652AD5}
		{1B086332-EF41-4016-B3AD-7687F4BEAD4C} = {55703728-5A6D-4BAE-AB93-8D6C01C13CE5}
		{C12A15A0-4202-4D81-95BC-014D588D771C} = {55703728-5A6D-4BAE-AB93-8D6C01C13CE5}
		{2444B8E1-54EC-4347-B8D7-1B0296E3E8CC} = {55703728-5A6D-4BAE-AB93-8D6C01C13CE5}
		{7CC45958-C957-4754-8C7E-A7DAD203F79B} = {C23193A6-2D22-4982-AEC0-C95C279CD9CE}
	EndGlobalSection
	GlobalSection(ExtensibilityGlobals) = postSolution
		SolutionGuid = {BD9996D1-BB22-49DE-BB9C-038EFFE7BFC2}
	EndGlobalSection
EndGlobal
